github.com/mailhog/data v1.0.1 h1:7I+opBvVdi4EMJaihXavM98jp/ovt4o6mz47446RAW8=
github.com/mailhog/data v1.0.1/go.mod h1:tjR/iXRhbSUKHzAAMd99RygVaDB5rIDC/bmWc363MzU=
gopkg.in/mgo.v2 v2.0.0-20190816093944-a6b53ec6cb22 h1:VpOs+IwYnYBaFnrNAeB8UUWtL3vEUnzSCL1nVjPhqrw=
gopkg.in/mgo.v2 v2.0.0-20190816093944-a6b53ec6cb22/go.mod h1:yeKp02qBN3iKW1OzL3MGk2IdtZzaj7SFntXj72NppTA=
